version = 1
generated-by = "jk 0.10.1"
resolution-algorithm = "pubgrub-v1"
jk = { version = "0.10.1", sha256 = "f60ee9e1a4e9e5591bed34c72876f22b36083ef88c178df0c58d3f7144fdaf00" }

[[artifact]]
name     = "org.apiguardian:apiguardian-api:jar:"
version  = "1.1.2"
source   = "central+https://repo.maven.apache.org/maven2/"
checksum = "sha256:b509448ac506d607319f182537f0b35d71007582ec741832a1f111e5b5b70b38"
scopes   = ["test"]

[[artifact]]
name     = "org.jspecify:jspecify:jar:"
version  = "1.0.1"
source   = "central+https://repo.maven.apache.org/maven2/"
checksum = "sha256:070d75f261fe4c5b8202508366715f7f2d4660f88c8ef7e6d3575e48c9683b66"
scopes   = ["test"]

[[artifact]]
name     = "org.junit.jupiter:junit-jupiter-api:jar:"
version  = "6.1.2"
source   = "central+https://repo.maven.apache.org/maven2/"
checksum = "sha256:e60794b7d94e03c4bca1c0833cfca18762da5eaac0a61b16281cbbb708103e4c"
scopes   = ["test"]
deps = [
  "org.apiguardian:apiguardian-api:jar:@1.1.2",
  "org.jspecify:jspecify:jar:@1.0.1",
  "org.junit.platform:junit-platform-commons:jar:@6.1.2",
  "org.opentest4j:opentest4j:jar:@1.3.0",
]

[[artifact]]
name     = "org.junit.jupiter:junit-jupiter-engine:jar:"
version  = "6.1.2"
source   = "central+https://repo.maven.apache.org/maven2/"
checksum = "sha256:57227ce289ed84ab205136997d2e5117f6cc695a16b7e235d59f70cdf33c3d7a"
scopes   = ["test"]
deps = [
  "org.apiguardian:apiguardian-api:jar:@1.1.2",
  "org.jspecify:jspecify:jar:@1.0.1",
  "org.junit.jupiter:junit-jupiter-api:jar:@6.1.2",
  "org.junit.platform:junit-platform-engine:jar:@6.1.2",
]

[[artifact]]
name     = "org.junit.jupiter:junit-jupiter-params:jar:"
version  = "6.1.2"
source   = "central+https://repo.maven.apache.org/maven2/"
checksum = "sha256:c1ed2164f6ba388518757b38f219dbe350ac098afcd126cbcbd6256fb99666ae"
scopes   = ["test"]
deps = [
  "org.apiguardian:apiguardian-api:jar:@1.1.2",
  "org.jspecify:jspecify:jar:@1.0.1",
  "org.junit.jupiter:junit-jupiter-api:jar:@6.1.2",
]

[[artifact]]
name     = "org.junit.jupiter:junit-jupiter:jar:"
version  = "6.1.2"
source   = "central+https://repo.maven.apache.org/maven2/"
checksum = "sha256:2a7877196573a1d32fa726313deffdde2e90cca764647e605093020b08973616"
scopes   = ["test"]
deps = [
  "org.junit.jupiter:junit-jupiter-api:jar:@6.1.2",
  "org.junit.jupiter:junit-jupiter-engine:jar:@6.1.2",
  "org.junit.jupiter:junit-jupiter-params:jar:@6.1.2",
]

[[artifact]]
name     = "org.junit.platform:junit-platform-commons:jar:"
version  = "6.1.2"
source   = "central+https://repo.maven.apache.org/maven2/"
checksum = "sha256:204894c039d321743ee11e7d1dc8360170d7c64391fbea1211178a645c33a92a"
scopes   = ["test"]
deps = [
  "org.apiguardian:apiguardian-api:jar:@1.1.2",
  "org.jspecify:jspecify:jar:@1.0.1",
]

[[artifact]]
name     = "org.junit.platform:junit-platform-engine:jar:"
version  = "6.1.2"
source   = "central+https://repo.maven.apache.org/maven2/"
checksum = "sha256:484e90828846ad6b88efe226b6fe014a75941b32b226e914d9a7758802f46f91"
scopes   = ["test"]
deps = [
  "org.apiguardian:apiguardian-api:jar:@1.1.2",
  "org.jspecify:jspecify:jar:@1.0.1",
  "org.junit.platform:junit-platform-commons:jar:@6.1.2",
  "org.opentest4j:opentest4j:jar:@1.3.0",
]

[[artifact]]
name     = "org.junit.platform:junit-platform-launcher:jar:"
version  = "6.1.2"
source   = "central+https://repo.maven.apache.org/maven2/"
checksum = "sha256:858197212c1b2acc257c9eec9b450a31923c61c1bc61e66acf0057d57bbe577a"
scopes   = ["test"]
deps = [
  "org.apiguardian:apiguardian-api:jar:@1.1.2",
  "org.jspecify:jspecify:jar:@1.0.1",
  "org.junit.platform:junit-platform-engine:jar:@6.1.2",
]

[[artifact]]
name     = "org.opentest4j:opentest4j:jar:"
version  = "1.3.0"
source   = "central+https://repo.maven.apache.org/maven2/"
checksum = "sha256:48e2df636cab6563ced64dcdff8abb2355627cb236ef0bf37598682ddf742f1b"
scopes   = ["test"]
