version = 1
generated-by = "jk 0.10.1"
resolution-algorithm = "pubgrub-v1"
jk = { version = "0.10.1", sha256 = "f60ee9e1a4e9e5591bed34c72876f22b36083ef88c178df0c58d3f7144fdaf00" }

[[artifact]]
name     = "com.fasterxml.jackson.core:jackson-annotations:jar:"
version  = "2.22"
source   = "central+https://repo.maven.apache.org/maven2/"
checksum = "sha256:21ddb598807d3a51a876704eb979d9296e1c6a6f47ab1826ff88c6d6a127a2d0"
scopes   = ["main"]

[[artifact]]
name     = "net.bytebuddy:byte-buddy:jar:"
version  = "1.18.11-jdk5"
source   = "central+https://repo.maven.apache.org/maven2/"
checksum = "sha256:a178d5a44788a8461bc0b1cfb484aa69657077ba24d36438a1098e2e02efd2f0"
scopes   = ["test"]

[[artifact]]
name     = "org.antlr:antlr4-runtime:jar:"
version  = "4.13.2"
source   = "central+https://repo.maven.apache.org/maven2/"
checksum = "sha256:dd3e8a13a2d669bf84fb8d834de35ce4875f27157698d206241ec8488aadcaf7"
scopes   = ["main"]

[[artifact]]
name     = "org.apache.maven:maven-artifact:jar:"
version  = "3.9.16"
source   = "central+https://repo.maven.apache.org/maven2/"
checksum = "sha256:54cc1c1ef932e3d4a903352111b42b4d3c3ed8e7a1d0de73b625309d9c3ad3e8"
scopes   = ["main"]
deps = [
  "org.codehaus.plexus:plexus-utils:jar:@4.0.3",
]

[[artifact]]
name     = "org.apiguardian:apiguardian-api:jar:"
version  = "1.1.2"
source   = "central+https://repo.maven.apache.org/maven2/"
checksum = "sha256:b509448ac506d607319f182537f0b35d71007582ec741832a1f111e5b5b70b38"
scopes   = ["test"]

[[artifact]]
name     = "org.assertj:assertj-core:jar:"
version  = "3.27.7"
source   = "central+https://repo.maven.apache.org/maven2/"
checksum = "sha256:c4a445426c3c2861666863b842cc4ec7bbb1c4226fefd370b6d2fe83d6c4ff0f"
scopes   = ["test"]
deps = [
  "net.bytebuddy:byte-buddy:jar:@1.18.11-jdk5",
]

[[artifact]]
name     = "org.checkerframework:checker-qual:jar:"
version  = "4.2.1"
source   = "central+https://repo.maven.apache.org/maven2/"
checksum = "sha256:d0831f48bf587787bd29a0574692a4e2c494acc15112a4396c71b45f553d73c6"
scopes   = ["main"]

[[artifact]]
name     = "org.codehaus.plexus:plexus-utils:jar:"
version  = "4.0.3"
source   = "central+https://repo.maven.apache.org/maven2/"
checksum = "sha256:421ff6ed146c53a9d4eaade8f629b52b12af7187101f1bd06c2c64e904019f3c"
scopes   = ["main"]

[[artifact]]
name     = "org.jspecify:jspecify:jar:"
version  = "1.0.1"
source   = "central+https://repo.maven.apache.org/maven2/"
checksum = "sha256:070d75f261fe4c5b8202508366715f7f2d4660f88c8ef7e6d3575e48c9683b66"
scopes   = ["test"]

[[artifact]]
name     = "org.junit.jupiter:junit-jupiter-api:jar:"
version  = "6.1.2"
source   = "central+https://repo.maven.apache.org/maven2/"
checksum = "sha256:e60794b7d94e03c4bca1c0833cfca18762da5eaac0a61b16281cbbb708103e4c"
scopes   = ["test"]
deps = [
  "org.apiguardian:apiguardian-api:jar:@1.1.2",
  "org.jspecify:jspecify:jar:@1.0.1",
  "org.junit.platform:junit-platform-commons:jar:@6.1.2",
  "org.opentest4j:opentest4j:jar:@1.3.0",
]

[[artifact]]
name     = "org.junit.jupiter:junit-jupiter-engine:jar:"
version  = "6.1.2"
source   = "central+https://repo.maven.apache.org/maven2/"
checksum = "sha256:57227ce289ed84ab205136997d2e5117f6cc695a16b7e235d59f70cdf33c3d7a"
scopes   = ["test"]
deps = [
  "org.apiguardian:apiguardian-api:jar:@1.1.2",
  "org.jspecify:jspecify:jar:@1.0.1",
  "org.junit.jupiter:junit-jupiter-api:jar:@6.1.2",
  "org.junit.platform:junit-platform-engine:jar:@6.1.2",
]

[[artifact]]
name     = "org.junit.jupiter:junit-jupiter-params:jar:"
version  = "6.1.2"
source   = "central+https://repo.maven.apache.org/maven2/"
checksum = "sha256:c1ed2164f6ba388518757b38f219dbe350ac098afcd126cbcbd6256fb99666ae"
scopes   = ["test"]
deps = [
  "org.apiguardian:apiguardian-api:jar:@1.1.2",
  "org.jspecify:jspecify:jar:@1.0.1",
  "org.junit.jupiter:junit-jupiter-api:jar:@6.1.2",
]

[[artifact]]
name     = "org.junit.jupiter:junit-jupiter:jar:"
version  = "6.1.2"
source   = "central+https://repo.maven.apache.org/maven2/"
checksum = "sha256:2a7877196573a1d32fa726313deffdde2e90cca764647e605093020b08973616"
scopes   = ["test"]
deps = [
  "org.junit.jupiter:junit-jupiter-api:jar:@6.1.2",
  "org.junit.jupiter:junit-jupiter-engine:jar:@6.1.2",
  "org.junit.jupiter:junit-jupiter-params:jar:@6.1.2",
]

[[artifact]]
name     = "org.junit.platform:junit-platform-commons:jar:"
version  = "6.1.2"
source   = "central+https://repo.maven.apache.org/maven2/"
checksum = "sha256:204894c039d321743ee11e7d1dc8360170d7c64391fbea1211178a645c33a92a"
scopes   = ["test"]
deps = [
  "org.apiguardian:apiguardian-api:jar:@1.1.2",
  "org.jspecify:jspecify:jar:@1.0.1",
]

[[artifact]]
name     = "org.junit.platform:junit-platform-engine:jar:"
version  = "6.1.2"
source   = "central+https://repo.maven.apache.org/maven2/"
checksum = "sha256:484e90828846ad6b88efe226b6fe014a75941b32b226e914d9a7758802f46f91"
scopes   = ["test"]
deps = [
  "org.apiguardian:apiguardian-api:jar:@1.1.2",
  "org.jspecify:jspecify:jar:@1.0.1",
  "org.junit.platform:junit-platform-commons:jar:@6.1.2",
  "org.opentest4j:opentest4j:jar:@1.3.0",
]

[[artifact]]
name     = "org.junit.platform:junit-platform-launcher:jar:"
version  = "6.1.2"
source   = "central+https://repo.maven.apache.org/maven2/"
checksum = "sha256:858197212c1b2acc257c9eec9b450a31923c61c1bc61e66acf0057d57bbe577a"
scopes   = ["test"]
deps = [
  "org.apiguardian:apiguardian-api:jar:@1.1.2",
  "org.jspecify:jspecify:jar:@1.0.1",
  "org.junit.platform:junit-platform-engine:jar:@6.1.2",
]

[[artifact]]
name     = "org.opentest4j:opentest4j:jar:"
version  = "1.3.0"
source   = "central+https://repo.maven.apache.org/maven2/"
checksum = "sha256:48e2df636cab6563ced64dcdff8abb2355627cb236ef0bf37598682ddf742f1b"
scopes   = ["test"]

[[artifact]]
name     = "org.tomlj:tomlj:jar:"
version  = "1.1.1"
source   = "central+https://repo.maven.apache.org/maven2/"
checksum = "sha256:383b7c66966c42ee4913ec977a7b6573631866bddc5318ec4a6215b688dd0d6c"
scopes   = ["main"]
deps = [
  "org.antlr:antlr4-runtime:jar:@4.13.2",
  "org.checkerframework:checker-qual:jar:@4.2.1",
]

[[artifact]]
name     = "tools.jackson.core:jackson-core:jar:"
version  = "3.2.1"
source   = "central+https://repo.maven.apache.org/maven2/"
checksum = "sha256:2688aaa60b207403287e16a71fb5644bf2f9cfc464cc601ae95c6c86a5af1f94"
scopes   = ["main"]

[[artifact]]
name     = "tools.jackson.core:jackson-databind:jar:"
version  = "3.2.1"
source   = "central+https://repo.maven.apache.org/maven2/"
checksum = "sha256:8d005c5626b1839e2eea6bd33a437287e7a24d54e1bb3746b8f861193262b519"
scopes   = ["main"]
deps = [
  "com.fasterxml.jackson.core:jackson-annotations:jar:@2.22",
  "tools.jackson.core:jackson-core:jar:@3.2.1",
]
