version = 1
generated-by = "jk 0.10.0-SNAPSHOT"
resolution-algorithm = "pubgrub-v1"
jk = { version = "0.10.0-SNAPSHOT", sha256 = "4dee464d1744472b9823c3a8ca19bf0d03126b79e6b023964d588608f2f2461d" }

[[artifact]]
name     = "com.google.android:annotations:jar:"
version  = "4.1.1.4"
source   = "central+https://repo.maven.apache.org/maven2/"
checksum = "sha256:ba734e1e84c09d615af6a09d33034b4f0442f8772dec120efb376d86a565ae15"
scopes   = ["main"]

[[artifact]]
name     = "com.google.api.grpc:proto-google-common-protos:jar:"
version  = "2.73.0"
source   = "central+https://repo.maven.apache.org/maven2/"
checksum = "sha256:900591446cb70b82886dc60f2779d9fa26d81041fe9a340f7bf93b300bc907cf"
scopes   = ["main"]
deps = [
  "com.google.protobuf:protobuf-java:jar:@4.35.1",
]

[[artifact]]
name     = "com.google.code.findbugs:jsr305:jar:"
version  = "3.0.2"
source   = "central+https://repo.maven.apache.org/maven2/"
checksum = "sha256:766ad2a0783f2687962c8ad74ceecc38a28b9f72a2d085ee438b7813e928d0c7"
scopes   = ["main"]

[[artifact]]
name     = "com.google.code.gson:gson:jar:"
version  = "2.14.0"
source   = "central+https://repo.maven.apache.org/maven2/"
checksum = "sha256:2cbd119bf1961c28788310963dc80ba65f58cdeec1dd139c8bdb1240faa2c36f"
scopes   = ["main"]

[[artifact]]
name     = "com.google.errorprone:error_prone_annotations:jar:"
version  = "2.50.0"
source   = "central+https://repo.maven.apache.org/maven2/"
checksum = "sha256:4667724877f1d37a689202da191e23efa7657c62eef93ccdac406eccfe5cdd0a"
scopes   = ["main"]

[[artifact]]
name     = "com.google.guava:failureaccess:jar:"
version  = "1.0.3"
source   = "central+https://repo.maven.apache.org/maven2/"
checksum = "sha256:cbfc3906b19b8f55dd7cfd6dfe0aa4532e834250d7f080bd8d211a3e246b59cb"
scopes   = ["main"]

[[artifact]]
name     = "com.google.guava:guava:jar:"
version  = "33.6.0-jre"
source   = "central+https://repo.maven.apache.org/maven2/"
checksum = "sha256:dc573e1fca4fd5454f4a5fd3d7da2df03002876a4175bafc14a95980dd7713b3"
scopes   = ["main"]
deps = [
  "com.google.guava:failureaccess:jar:@1.0.3",
  "com.google.guava:listenablefuture:jar:@9999.0-empty-to-avoid-conflict-with-guava",
  "com.google.j2objc:j2objc-annotations:jar:@3.1",
  "org.jspecify:jspecify:jar:@1.0.0",
]

[[artifact]]
name     = "com.google.guava:listenablefuture:jar:"
version  = "9999.0-empty-to-avoid-conflict-with-guava"
source   = "central+https://repo.maven.apache.org/maven2/"
checksum = "sha256:b372a037d4230aa57fbeffdef30fd6123f9c0c2db85d0aced00c91b974f33f99"
scopes   = ["main"]

[[artifact]]
name     = "com.google.http-client:google-http-client-apache-v2:jar:"
version  = "2.2.0"
source   = "central+https://repo.maven.apache.org/maven2/"
checksum = "sha256:aa62efa466a08426bfdf1dfac22b76738075057aa09f44324a569585a92c1441"
scopes   = ["main"]
deps = [
  "com.google.http-client:google-http-client:jar:@2.2.0",
  "org.apache.httpcomponents:httpclient:jar:@4.5.14",
  "org.apache.httpcomponents:httpcore:jar:@4.4.16",
]

[[artifact]]
name     = "com.google.http-client:google-http-client-gson:jar:"
version  = "2.2.0"
source   = "central+https://repo.maven.apache.org/maven2/"
checksum = "sha256:3242dc7e91d355d118a355c5d586271bedfeb84c3f2f6fa2f3b9b42503a4dc59"
scopes   = ["main"]
deps = [
  "com.google.code.gson:gson:jar:@2.14.0",
  "com.google.http-client:google-http-client:jar:@2.2.0",
]

[[artifact]]
name     = "com.google.http-client:google-http-client:jar:"
version  = "2.2.0"
source   = "central+https://repo.maven.apache.org/maven2/"
checksum = "sha256:36cea7079c550aeb12fa7366a1ae65d503eaf15bcfc4f50124fde2a8f784e568"
scopes   = ["main"]
deps = [
  "com.google.code.findbugs:jsr305:jar:@3.0.2",
  "com.google.errorprone:error_prone_annotations:jar:@2.50.0",
  "com.google.guava:guava:jar:@33.6.0-jre",
  "com.google.j2objc:j2objc-annotations:jar:@3.1",
  "io.grpc:grpc-context:jar:@1.82.2",
  "io.opencensus:opencensus-api:jar:@0.31.1",
  "io.opencensus:opencensus-contrib-http-util:jar:@0.31.1",
  "org.apache.httpcomponents:httpclient:jar:@4.5.14",
  "org.apache.httpcomponents:httpcore:jar:@4.4.16",
]

[[artifact]]
name     = "com.google.j2objc:j2objc-annotations:jar:"
version  = "3.1"
source   = "central+https://repo.maven.apache.org/maven2/"
checksum = "sha256:84d3a150518485f8140ea99b8a985656749629f6433c92b80c75b36aba3b099b"
scopes   = ["main"]

[[artifact]]
name     = "com.google.oauth-client:google-oauth-client-java6:jar:"
version  = "1.39.0"
source   = "central+https://repo.maven.apache.org/maven2/"
checksum = "sha256:292aca022c47aeae2baac705fd15ee2cbf01eb24ca9726d9a41539733ffe03f9"
scopes   = ["main"]
deps = [
  "com.google.http-client:google-http-client:jar:@2.2.0",
  "com.google.oauth-client:google-oauth-client:jar:@1.39.0",
]

[[artifact]]
name     = "com.google.oauth-client:google-oauth-client-jetty:jar:"
version  = "1.39.0"
source   = "central+https://repo.maven.apache.org/maven2/"
checksum = "sha256:150f30d261ab17e162c9f41a851462e0e05da50cbbf31bfabc9e6f216baf31b2"
scopes   = ["main"]
deps = [
  "com.google.http-client:google-http-client:jar:@2.2.0",
  "com.google.oauth-client:google-oauth-client-java6:jar:@1.39.0",
]

[[artifact]]
name     = "com.google.oauth-client:google-oauth-client:jar:"
version  = "1.39.0"
source   = "central+https://repo.maven.apache.org/maven2/"
checksum = "sha256:27fc61ee2d526e33d31350b5ea383091c0879345e261f9b2e6fcc97a20c86f88"
scopes   = ["main"]
deps = [
  "com.google.guava:guava:jar:@33.6.0-jre",
  "com.google.http-client:google-http-client-gson:jar:@2.2.0",
  "com.google.http-client:google-http-client:jar:@2.2.0",
]

[[artifact]]
name     = "com.google.protobuf:protobuf-java-util:jar:"
version  = "4.35.1"
source   = "central+https://repo.maven.apache.org/maven2/"
checksum = "sha256:ed75aaf651a243a943ae73413acf96cb4b02fdae14a11ae05c8e66a4489e23f3"
scopes   = ["main"]
deps = [
  "com.google.code.findbugs:jsr305:jar:@3.0.2",
  "com.google.code.gson:gson:jar:@2.14.0",
  "com.google.errorprone:error_prone_annotations:jar:@2.50.0",
  "com.google.protobuf:protobuf-java:jar:@4.35.1",
]

[[artifact]]
name     = "com.google.protobuf:protobuf-java:jar:"
version  = "4.35.1"
source   = "central+https://repo.maven.apache.org/maven2/"
checksum = "sha256:a4345ba2aa009912ff6f90467fea2d104605256b72c50840d75f13256638a472"
scopes   = ["main"]

[[artifact]]
name     = "commons-codec:commons-codec:jar:"
version  = "1.22.0"
source   = "central+https://repo.maven.apache.org/maven2/"
checksum = "sha256:d164fe79f262c32d9b18a0b5b2d317d1c27653d5e98fd2b998c24bf901c72ce4"
scopes   = ["main"]

[[artifact]]
name     = "dev.sigstore:sigstore-java:jar:"
version  = "2.2.0"
source   = "central+https://repo.maven.apache.org/maven2/"
checksum = "sha256:5d787132e887369cdab0f6cefa33102117c3f62664a277d74a6a949984254180"
scopes   = ["main"]
deps = [
  "com.google.code.gson:gson:jar:@2.14.0",
  "com.google.http-client:google-http-client-apache-v2:jar:@2.2.0",
  "com.google.http-client:google-http-client-gson:jar:@2.2.0",
  "com.google.oauth-client:google-oauth-client-java6:jar:@1.39.0",
  "com.google.oauth-client:google-oauth-client-jetty:jar:@1.39.0",
  "com.google.oauth-client:google-oauth-client:jar:@1.39.0",
  "com.google.protobuf:protobuf-java-util:jar:@4.35.1",
  "commons-codec:commons-codec:jar:@1.22.0",
  "io.github.erdtman:java-json-canonicalization:jar:@1.1",
  "io.grpc:grpc-netty-shaded:jar:@1.82.2",
  "io.grpc:grpc-protobuf:jar:@1.82.2",
  "io.grpc:grpc-stub:jar:@1.82.2",
  "org.bouncycastle:bcpkix-jdk18on:jar:@1.85",
  "org.bouncycastle:bcutil-jdk18on:jar:@1.85",
]

[[artifact]]
name     = "io.github.erdtman:java-json-canonicalization:jar:"
version  = "1.1"
source   = "central+https://repo.maven.apache.org/maven2/"
checksum = "sha256:ed12a01f28d147898312963a1f704e90290b67a61f34fa3a761f41c134f4e691"
scopes   = ["main"]

[[artifact]]
name     = "io.grpc:grpc-api:jar:"
version  = "1.82.2"
source   = "central+https://repo.maven.apache.org/maven2/"
checksum = "sha256:038b8bb47dfd61ac580e4c270ffb03f153ee8d62491a7276ef51658ed6482d56"
scopes   = ["main"]

[[artifact]]
name     = "io.grpc:grpc-context:jar:"
version  = "1.82.2"
source   = "central+https://repo.maven.apache.org/maven2/"
checksum = "sha256:88b6370ecedb73ef5f9dd0d30f7e1464a81c079ea0c957ed742109225b55ea04"
scopes   = ["main"]
deps = [
  "io.grpc:grpc-api:jar:@1.82.2",
]

[[artifact]]
name     = "io.grpc:grpc-core:jar:"
version  = "1.82.2"
source   = "central+https://repo.maven.apache.org/maven2/"
checksum = "sha256:8b97d20e5da2aee834e4c9d76d46cdad41c660b47226a15d218c0ee754516c9c"
scopes   = ["main"]
deps = [
  "com.google.android:annotations:jar:@4.1.1.4",
  "com.google.code.gson:gson:jar:@2.14.0",
  "com.google.errorprone:error_prone_annotations:jar:@2.50.0",
  "com.google.guava:guava:jar:@33.6.0-jre",
  "io.grpc:grpc-api:jar:@1.82.2",
  "io.grpc:grpc-context:jar:@1.82.2",
  "io.perfmark:perfmark-api:jar:@0.27.0",
  "org.codehaus.mojo:animal-sniffer-annotations:jar:@1.27",
]

[[artifact]]
name     = "io.grpc:grpc-netty-shaded:jar:"
version  = "1.82.2"
source   = "central+https://repo.maven.apache.org/maven2/"
checksum = "sha256:45c06e20095f968560ec9c6ce747580de1d0919b540fa2ea134a4837799f73b2"
scopes   = ["main"]
deps = [
  "com.google.errorprone:error_prone_annotations:jar:@2.50.0",
  "com.google.guava:guava:jar:@33.6.0-jre",
  "io.grpc:grpc-api:jar:@1.82.2",
  "io.grpc:grpc-core:jar:@1.82.2",
  "io.grpc:grpc-util:jar:@1.82.2",
  "io.perfmark:perfmark-api:jar:@0.27.0",
  "org.codehaus.mojo:animal-sniffer-annotations:jar:@1.27",
]

[[artifact]]
name     = "io.grpc:grpc-protobuf-lite:jar:"
version  = "1.82.2"
source   = "central+https://repo.maven.apache.org/maven2/"
checksum = "sha256:9a3aa427bdabe3c78ad544af730f21e140c4fb7b396bb639f7ad4307177e27a0"
scopes   = ["main"]
deps = [
  "com.google.code.findbugs:jsr305:jar:@3.0.2",
  "com.google.guava:guava:jar:@33.6.0-jre",
  "io.grpc:grpc-api:jar:@1.82.2",
]

[[artifact]]
name     = "io.grpc:grpc-protobuf:jar:"
version  = "1.82.2"
source   = "central+https://repo.maven.apache.org/maven2/"
checksum = "sha256:8082c4795596d31eb9f790ccf5922685709ac1aa165554d51614d357d76c2560"
scopes   = ["main"]
deps = [
  "com.google.api.grpc:proto-google-common-protos:jar:@2.73.0",
  "com.google.code.findbugs:jsr305:jar:@3.0.2",
  "com.google.guava:guava:jar:@33.6.0-jre",
  "com.google.protobuf:protobuf-java:jar:@4.35.1",
  "io.grpc:grpc-api:jar:@1.82.2",
  "io.grpc:grpc-protobuf-lite:jar:@1.82.2",
]

[[artifact]]
name     = "io.grpc:grpc-stub:jar:"
version  = "1.82.2"
source   = "central+https://repo.maven.apache.org/maven2/"
checksum = "sha256:3a2de748cf8b10b7e507603b9a6513b7b85e03b0d4914f74e123b630ac3fd2b2"
scopes   = ["main"]
deps = [
  "com.google.errorprone:error_prone_annotations:jar:@2.50.0",
  "com.google.guava:guava:jar:@33.6.0-jre",
  "io.grpc:grpc-api:jar:@1.82.2",
  "org.codehaus.mojo:animal-sniffer-annotations:jar:@1.27",
]

[[artifact]]
name     = "io.grpc:grpc-util:jar:"
version  = "1.82.2"
source   = "central+https://repo.maven.apache.org/maven2/"
checksum = "sha256:ebc2436a1881cb86de90cd49eec217ca0178aff176706e02058940922fbc1a6d"
scopes   = ["main"]
deps = [
  "com.google.guava:guava:jar:@33.6.0-jre",
  "io.grpc:grpc-api:jar:@1.82.2",
  "io.grpc:grpc-core:jar:@1.82.2",
  "org.codehaus.mojo:animal-sniffer-annotations:jar:@1.27",
]

[[artifact]]
name     = "io.opencensus:opencensus-api:jar:"
version  = "0.31.1"
source   = "central+https://repo.maven.apache.org/maven2/"
checksum = "sha256:f1474d47f4b6b001558ad27b952e35eda5cc7146788877fc52938c6eba24b382"
scopes   = ["main"]
deps = [
  "io.grpc:grpc-context:jar:@1.82.2",
]

[[artifact]]
name     = "io.opencensus:opencensus-contrib-http-util:jar:"
version  = "0.31.1"
source   = "central+https://repo.maven.apache.org/maven2/"
checksum = "sha256:3ea995b55a4068be22989b70cc29a4d788c2d328d1d50613a7a9afd13fdd2d0a"
scopes   = ["main"]
deps = [
  "com.google.guava:guava:jar:@33.6.0-jre",
  "io.opencensus:opencensus-api:jar:@0.31.1",
]

[[artifact]]
name     = "io.perfmark:perfmark-api:jar:"
version  = "0.27.0"
source   = "central+https://repo.maven.apache.org/maven2/"
checksum = "sha256:c7b478503ec524e55df19b424d46d27c8a68aeb801664fadd4f069b71f52d0f6"
scopes   = ["main"]

[[artifact]]
name     = "net.bytebuddy:byte-buddy:jar:"
version  = "1.18.11-jdk5"
source   = "central+https://repo.maven.apache.org/maven2/"
checksum = "sha256:a178d5a44788a8461bc0b1cfb484aa69657077ba24d36438a1098e2e02efd2f0"
scopes   = ["test"]

[[artifact]]
name     = "org.antlr:antlr4-runtime:jar:"
version  = "4.13.2"
source   = "central+https://repo.maven.apache.org/maven2/"
checksum = "sha256:dd3e8a13a2d669bf84fb8d834de35ce4875f27157698d206241ec8488aadcaf7"
scopes   = ["main"]

[[artifact]]
name     = "org.apache.httpcomponents:httpclient:jar:"
version  = "4.5.14"
source   = "central+https://repo.maven.apache.org/maven2/"
checksum = "sha256:c8bc7e1c51a6d4ce72f40d2ebbabf1c4b68bfe76e732104b04381b493478e9d6"
scopes   = ["main"]
deps = [
  "commons-codec:commons-codec:jar:@1.22.0",
  "org.apache.httpcomponents:httpcore:jar:@4.4.16",
]

[[artifact]]
name     = "org.apache.httpcomponents:httpcore:jar:"
version  = "4.4.16"
source   = "central+https://repo.maven.apache.org/maven2/"
checksum = "sha256:6c9b3dd142a09dc468e23ad39aad6f75a0f2b85125104469f026e52a474e464f"
scopes   = ["main"]

[[artifact]]
name     = "org.apache.maven:maven-artifact:jar:"
version  = "3.9.16"
source   = "central+https://repo.maven.apache.org/maven2/"
checksum = "sha256:54cc1c1ef932e3d4a903352111b42b4d3c3ed8e7a1d0de73b625309d9c3ad3e8"
scopes   = ["main"]
deps = [
  "org.codehaus.plexus:plexus-utils:jar:@4.0.3",
]

[[artifact]]
name     = "org.apiguardian:apiguardian-api:jar:"
version  = "1.1.2"
source   = "central+https://repo.maven.apache.org/maven2/"
checksum = "sha256:b509448ac506d607319f182537f0b35d71007582ec741832a1f111e5b5b70b38"
scopes   = ["test"]

[[artifact]]
name     = "org.assertj:assertj-core:jar:"
version  = "3.27.7"
source   = "central+https://repo.maven.apache.org/maven2/"
checksum = "sha256:c4a445426c3c2861666863b842cc4ec7bbb1c4226fefd370b6d2fe83d6c4ff0f"
scopes   = ["test"]
deps = [
  "net.bytebuddy:byte-buddy:jar:@1.18.11-jdk5",
]

[[artifact]]
name     = "org.bouncycastle:bcpg-jdk18on:jar:"
version  = "1.85"
source   = "central+https://repo.maven.apache.org/maven2/"
checksum = "sha256:39426367dc247dfaae9b1253457a39298b6b9a6c28a39b908bca829e315323dd"
scopes   = ["main"]
deps = [
  "org.bouncycastle:bcprov-jdk18on:jar:@1.85",
  "org.bouncycastle:bcutil-jdk18on:jar:@1.85",
]

[[artifact]]
name     = "org.bouncycastle:bcpkix-jdk18on:jar:"
version  = "1.85"
source   = "central+https://repo.maven.apache.org/maven2/"
checksum = "sha256:c9f82b2d4e99c4bbdfccf684e52cc06ea06a0b567bfd0d08f9c5a3f417055996"
scopes   = ["main"]
deps = [
  "org.bouncycastle:bcutil-jdk18on:jar:@1.85",
]

[[artifact]]
name     = "org.bouncycastle:bcprov-jdk18on:jar:"
version  = "1.85"
source   = "central+https://repo.maven.apache.org/maven2/"
checksum = "sha256:20af26bf6060bb8005cc2389916812c1e0e998dc48d2ced7131b89461b54cff7"
scopes   = ["main"]

[[artifact]]
name     = "org.bouncycastle:bcutil-jdk18on:jar:"
version  = "1.85"
source   = "central+https://repo.maven.apache.org/maven2/"
checksum = "sha256:590f55ed5d68529239898a4a5c4f730b6e37f45d1cfa3fbe51f8485abe32c42d"
scopes   = ["main"]
deps = [
  "org.bouncycastle:bcprov-jdk18on:jar:@1.85",
]

[[artifact]]
name     = "org.checkerframework:checker-qual:jar:"
version  = "4.2.1"
source   = "central+https://repo.maven.apache.org/maven2/"
checksum = "sha256:d0831f48bf587787bd29a0574692a4e2c494acc15112a4396c71b45f553d73c6"
scopes   = ["main"]

[[artifact]]
name     = "org.codehaus.mojo:animal-sniffer-annotations:jar:"
version  = "1.27"
source   = "central+https://repo.maven.apache.org/maven2/"
checksum = "sha256:cfd7e51a828fe6b98bc0dbb99e34900c9e9012322cb9ddd57fd8dd0b02da5e27"
scopes   = ["main"]

[[artifact]]
name     = "org.codehaus.plexus:plexus-utils:jar:"
version  = "4.0.3"
source   = "central+https://repo.maven.apache.org/maven2/"
checksum = "sha256:421ff6ed146c53a9d4eaade8f629b52b12af7187101f1bd06c2c64e904019f3c"
scopes   = ["main"]

[[artifact]]
name     = "org.jspecify:jspecify:jar:"
version  = "1.0.0"
source   = "central+https://repo.maven.apache.org/maven2/"
checksum = "sha256:1fad6e6be7557781e4d33729d49ae1cdc8fdda6fe477bb0cc68ce351eafdfbab"
scopes   = ["main", "test"]

[[artifact]]
name     = "org.junit.jupiter:junit-jupiter-api:jar:"
version  = "6.1.2"
source   = "central+https://repo.maven.apache.org/maven2/"
checksum = "sha256:e60794b7d94e03c4bca1c0833cfca18762da5eaac0a61b16281cbbb708103e4c"
scopes   = ["test"]
deps = [
  "org.apiguardian:apiguardian-api:jar:@1.1.2",
  "org.jspecify:jspecify:jar:@1.0.0",
  "org.junit.platform:junit-platform-commons:jar:@6.1.2",
  "org.opentest4j:opentest4j:jar:@1.3.0",
]

[[artifact]]
name     = "org.junit.jupiter:junit-jupiter-engine:jar:"
version  = "6.1.2"
source   = "central+https://repo.maven.apache.org/maven2/"
checksum = "sha256:57227ce289ed84ab205136997d2e5117f6cc695a16b7e235d59f70cdf33c3d7a"
scopes   = ["test"]
deps = [
  "org.apiguardian:apiguardian-api:jar:@1.1.2",
  "org.jspecify:jspecify:jar:@1.0.0",
  "org.junit.jupiter:junit-jupiter-api:jar:@6.1.2",
  "org.junit.platform:junit-platform-engine:jar:@6.1.2",
]

[[artifact]]
name     = "org.junit.jupiter:junit-jupiter-params:jar:"
version  = "6.1.2"
source   = "central+https://repo.maven.apache.org/maven2/"
checksum = "sha256:c1ed2164f6ba388518757b38f219dbe350ac098afcd126cbcbd6256fb99666ae"
scopes   = ["test"]
deps = [
  "org.apiguardian:apiguardian-api:jar:@1.1.2",
  "org.jspecify:jspecify:jar:@1.0.0",
  "org.junit.jupiter:junit-jupiter-api:jar:@6.1.2",
]

[[artifact]]
name     = "org.junit.jupiter:junit-jupiter:jar:"
version  = "6.1.2"
source   = "central+https://repo.maven.apache.org/maven2/"
checksum = "sha256:2a7877196573a1d32fa726313deffdde2e90cca764647e605093020b08973616"
scopes   = ["test"]
deps = [
  "org.junit.jupiter:junit-jupiter-api:jar:@6.1.2",
  "org.junit.jupiter:junit-jupiter-engine:jar:@6.1.2",
  "org.junit.jupiter:junit-jupiter-params:jar:@6.1.2",
]

[[artifact]]
name     = "org.junit.platform:junit-platform-commons:jar:"
version  = "6.1.2"
source   = "central+https://repo.maven.apache.org/maven2/"
checksum = "sha256:204894c039d321743ee11e7d1dc8360170d7c64391fbea1211178a645c33a92a"
scopes   = ["test"]
deps = [
  "org.apiguardian:apiguardian-api:jar:@1.1.2",
  "org.jspecify:jspecify:jar:@1.0.0",
]

[[artifact]]
name     = "org.junit.platform:junit-platform-engine:jar:"
version  = "6.1.2"
source   = "central+https://repo.maven.apache.org/maven2/"
checksum = "sha256:484e90828846ad6b88efe226b6fe014a75941b32b226e914d9a7758802f46f91"
scopes   = ["test"]
deps = [
  "org.apiguardian:apiguardian-api:jar:@1.1.2",
  "org.jspecify:jspecify:jar:@1.0.0",
  "org.junit.platform:junit-platform-commons:jar:@6.1.2",
  "org.opentest4j:opentest4j:jar:@1.3.0",
]

[[artifact]]
name     = "org.junit.platform:junit-platform-launcher:jar:"
version  = "6.1.2"
source   = "central+https://repo.maven.apache.org/maven2/"
checksum = "sha256:858197212c1b2acc257c9eec9b450a31923c61c1bc61e66acf0057d57bbe577a"
scopes   = ["test"]
deps = [
  "org.apiguardian:apiguardian-api:jar:@1.1.2",
  "org.jspecify:jspecify:jar:@1.0.0",
  "org.junit.platform:junit-platform-engine:jar:@6.1.2",
]

[[artifact]]
name     = "org.opentest4j:opentest4j:jar:"
version  = "1.3.0"
source   = "central+https://repo.maven.apache.org/maven2/"
checksum = "sha256:48e2df636cab6563ced64dcdff8abb2355627cb236ef0bf37598682ddf742f1b"
scopes   = ["test"]

[[artifact]]
name     = "org.tomlj:tomlj:jar:"
version  = "1.1.1"
source   = "central+https://repo.maven.apache.org/maven2/"
checksum = "sha256:383b7c66966c42ee4913ec977a7b6573631866bddc5318ec4a6215b688dd0d6c"
scopes   = ["main"]
deps = [
  "org.antlr:antlr4-runtime:jar:@4.13.2",
  "org.checkerframework:checker-qual:jar:@4.2.1",
]
