version = 1
generated-by = "jk 0.10.1"
resolution-algorithm = "pubgrub-v1"
jk = { version = "0.10.1", sha256 = "f60ee9e1a4e9e5591bed34c72876f22b36083ef88c178df0c58d3f7144fdaf00" }

[[artifact]]
name     = "aopalliance:aopalliance:jar:"
version  = "1.0"
source   = "central+https://repo.maven.apache.org/maven2/"
checksum = "sha256:0addec670fedcd3f113c5c8091d783280d23f75e3acb841b61a9cdb079376a08"
scopes   = ["main"]

[[artifact]]
name     = "com.fasterxml.woodstox:woodstox-core:jar:"
version  = "7.2.1"
source   = "central+https://repo.maven.apache.org/maven2/"
checksum = "sha256:95d5a916ab82aca0a8c4ca8a2cf7e4fd7eab18817c24f1fdc7738e15d2a58845"
scopes   = ["main"]

[[artifact]]
name     = "com.google.code.gson:gson:jar:"
version  = "2.14.0"
source   = "central+https://repo.maven.apache.org/maven2/"
checksum = "sha256:2cbd119bf1961c28788310963dc80ba65f58cdeec1dd139c8bdb1240faa2c36f"
scopes   = ["main"]

[[artifact]]
name     = "com.google.errorprone:error_prone_annotations:jar:"
version  = "2.50.0"
source   = "central+https://repo.maven.apache.org/maven2/"
checksum = "sha256:4667724877f1d37a689202da191e23efa7657c62eef93ccdac406eccfe5cdd0a"
scopes   = ["main"]

[[artifact]]
name     = "com.google.guava:failureaccess:jar:"
version  = "1.0.3"
source   = "central+https://repo.maven.apache.org/maven2/"
checksum = "sha256:cbfc3906b19b8f55dd7cfd6dfe0aa4532e834250d7f080bd8d211a3e246b59cb"
scopes   = ["provided"]

[[artifact]]
name     = "com.google.guava:guava:jar:"
version  = "33.6.0-jre"
source   = "central+https://repo.maven.apache.org/maven2/"
checksum = "sha256:dc573e1fca4fd5454f4a5fd3d7da2df03002876a4175bafc14a95980dd7713b3"
scopes   = ["provided"]

[[artifact]]
name     = "com.google.inject:guice:jar:classes"
version  = "5.1.0"
source   = "central+https://repo.maven.apache.org/maven2/"
checksum = "sha256:142ad4475e19524d2fe3ac995b3f7cbc962fc726f2edb9dbdccc61feab9b2bf9"
scopes   = ["provided"]

[[artifact]]
name     = "commons-cli:commons-cli:jar:"
version  = "1.11.0"
source   = "central+https://repo.maven.apache.org/maven2/"
checksum = "sha256:8f7f8605d68e15bf32db61ec94eac6fdafc51b1bdbe1e0e0802b57d23f387792"
scopes   = ["provided"]

[[artifact]]
name     = "commons-codec:commons-codec:jar:"
version  = "1.22.0"
source   = "central+https://repo.maven.apache.org/maven2/"
checksum = "sha256:d164fe79f262c32d9b18a0b5b2d317d1c27653d5e98fd2b998c24bf901c72ce4"
scopes   = ["provided"]

[[artifact]]
name     = "io.quarkus:quarkus-bootstrap-app-model:jar:"
version  = "3.28.5"
source   = "central+https://repo.maven.apache.org/maven2/"
checksum = "sha256:3003b7bb633434209e97eed2b05fcbc5e52061908502c01de9af280392ef15e5"
scopes   = ["provided"]
deps = [
  "io.quarkus:quarkus-fs-util:jar:@1.4.2",
  "org.jboss.logging:commons-logging-jboss-logging:jar:@2.0.0.Final",
  "org.jboss.logging:jboss-logging:jar:@3.6.3.Final",
]

[[artifact]]
name     = "io.quarkus:quarkus-bootstrap-core:jar:"
version  = "3.28.5"
source   = "central+https://repo.maven.apache.org/maven2/"
checksum = "sha256:cae98b8e0f973535eefe66bb5cf0030053b2888ac306952af497ec00e4bec864"
scopes   = ["provided"]
deps = [
  "io.quarkus:quarkus-bootstrap-app-model:jar:@3.28.5",
  "io.quarkus:quarkus-classloader-commons:jar:@3.38.0",
  "io.smallrye.common:smallrye-common-io:jar:@2.20.0",
]

[[artifact]]
name     = "io.quarkus:quarkus-bootstrap-maven-resolver:jar:"
version  = "3.28.5"
source   = "central+https://repo.maven.apache.org/maven2/"
checksum = "sha256:26eb79801e921005c1f07fcedc70ddd77a927db2ebccab0771f0976c23fa1862"
scopes   = ["provided"]
deps = [
  "io.quarkus:quarkus-bootstrap-app-model:jar:@3.28.5",
  "io.quarkus:quarkus-bootstrap-maven4-resolver:jar:@3.38.0",
  "io.quarkus:quarkus-classloader-commons:jar:@3.38.0",
  "io.quarkus:quarkus-fs-util:jar:@1.4.2",
  "io.smallrye.beanbag:smallrye-beanbag-maven:jar:@1.6.1",
  "org.apache.maven.resolver:maven-resolver-connector-basic:jar:@2.0.21",
  "org.apache.maven.resolver:maven-resolver-transport-wagon:jar:@2.0.21",
  "org.apache.maven.wagon:wagon-file:jar:@3.5.3",
  "org.apache.maven.wagon:wagon-http:jar:@3.5.3",
  "org.apache.maven:maven-embedder:jar:@3.9.16",
  "org.apache.maven:maven-resolver-provider:jar:@3.9.16",
  "org.apache.maven:maven-settings-builder:jar:@3.9.16",
  "org.eclipse.sisu:org.eclipse.sisu.plexus:jar:@1.1.0",
  "org.jboss.logging:jboss-logging:jar:@3.6.3.Final",
  "org.jboss.logmanager:jboss-logmanager:jar:@3.2.2.Final",
  "org.jboss.slf4j:slf4j-jboss-logmanager:jar:@2.1.0.Final",
  "org.slf4j:slf4j-api:jar:@2.0.18",
]

[[artifact]]
name     = "io.quarkus:quarkus-bootstrap-maven4-resolver:jar:"
version  = "3.38.0"
source   = "central+https://repo.maven.apache.org/maven2/"
checksum = "sha256:795a40a7e49d57ce0effadf603e343e5d6a5c89002e587caaa4ea6e03c68bdfb"
scopes   = ["provided"]

[[artifact]]
name     = "io.quarkus:quarkus-classloader-commons:jar:"
version  = "3.38.0"
source   = "central+https://repo.maven.apache.org/maven2/"
checksum = "sha256:bbfab35ca82d3143e2954368d98f281bf57d8400311aa8590dcc3991688f0a74"
scopes   = ["provided"]

[[artifact]]
name     = "io.quarkus:quarkus-fs-util:jar:"
version  = "1.4.2"
source   = "central+https://repo.maven.apache.org/maven2/"
checksum = "sha256:a6034133b21de4e3aee4bc9e250f8416abfbdc0c86e6e0737f766415c3866169"
scopes   = ["provided"]

[[artifact]]
name     = "io.smallrye.beanbag:smallrye-beanbag-maven:jar:"
version  = "1.6.1"
source   = "central+https://repo.maven.apache.org/maven2/"
checksum = "sha256:69eee1ea15ce2a9923ae0377847d1b0dc0fd44396bed50929b532b95ee623b1a"
scopes   = ["provided"]
deps = [
  "commons-codec:commons-codec:jar:@1.22.0",
  "io.smallrye.beanbag:smallrye-beanbag-sisu:jar:@1.6.1",
  "io.smallrye.common:smallrye-common-constraint:jar:@2.20.0",
  "javax.inject:javax.inject:jar:@1",
  "org.apache.commons:commons-lang3:jar:@3.20.0",
  "org.apache.httpcomponents:httpclient:jar:@4.5.14",
  "org.apache.httpcomponents:httpcore:jar:@4.4.16",
  "org.apache.maven.resolver:maven-resolver-api:jar:@2.0.21",
  "org.apache.maven.resolver:maven-resolver-connector-basic:jar:@2.0.21",
  "org.apache.maven.resolver:maven-resolver-impl:jar:@2.0.21",
  "org.apache.maven.resolver:maven-resolver-spi:jar:@2.0.21",
  "org.apache.maven.resolver:maven-resolver-transport-http:jar:@1.9.27",
  "org.apache.maven.resolver:maven-resolver-transport-wagon:jar:@2.0.21",
  "org.apache.maven.resolver:maven-resolver-util:jar:@2.0.21",
  "org.apache.maven.wagon:wagon-file:jar:@3.5.3",
  "org.apache.maven.wagon:wagon-http-shared:jar:@3.5.3",
  "org.apache.maven.wagon:wagon-http:jar:@3.5.3",
  "org.apache.maven.wagon:wagon-provider-api:jar:@3.5.3",
  "org.apache.maven:maven-artifact:jar:@3.9.16",
  "org.apache.maven:maven-builder-support:jar:@3.9.16",
  "org.apache.maven:maven-model-builder:jar:@3.9.16",
  "org.apache.maven:maven-model:jar:@3.9.16",
  "org.apache.maven:maven-repository-metadata:jar:@3.9.16",
  "org.apache.maven:maven-resolver-provider:jar:@3.9.16",
  "org.apache.maven:maven-settings-builder:jar:@3.9.16",
  "org.apache.maven:maven-settings:jar:@3.9.16",
  "org.codehaus.plexus:plexus-cipher:jar:@3.0.0",
  "org.codehaus.plexus:plexus-interpolation:jar:@1.29",
  "org.codehaus.plexus:plexus-sec-dispatcher:jar:@4.1.0",
  "org.codehaus.plexus:plexus-utils:jar:@4.0.3",
  "org.codehaus.plexus:plexus-xml:jar:@4.1.1",
  "org.eclipse.sisu:org.eclipse.sisu.inject:jar:@1.1.0",
  "org.eclipse.sisu:org.eclipse.sisu.plexus:jar:@1.1.0",
  "org.jboss.logging:jboss-logging:jar:@3.6.3.Final",
]

[[artifact]]
name     = "io.smallrye.beanbag:smallrye-beanbag-sisu:jar:"
version  = "1.6.1"
source   = "central+https://repo.maven.apache.org/maven2/"
checksum = "sha256:b3382f432bad1618a2f47e480df6bc514607b43165786d2b8539248da1202a5f"
scopes   = ["provided"]
deps = [
  "io.smallrye.beanbag:smallrye-beanbag:jar:@1.6.1",
  "io.smallrye.common:smallrye-common-constraint:jar:@2.20.0",
  "javax.inject:javax.inject:jar:@1",
  "org.jboss.logging:jboss-logging:jar:@3.6.3.Final",
]

[[artifact]]
name     = "io.smallrye.beanbag:smallrye-beanbag:jar:"
version  = "1.6.1"
source   = "central+https://repo.maven.apache.org/maven2/"
checksum = "sha256:a34a767eb7bc54edcd206bf936e0b0db99f2e27260a064ca18faf4b1914e058e"
scopes   = ["provided"]
deps = [
  "io.smallrye.common:smallrye-common-constraint:jar:@2.20.0",
  "org.jboss.logging:jboss-logging:jar:@3.6.3.Final",
]

[[artifact]]
name     = "io.smallrye.common:smallrye-common-annotation:jar:"
version  = "2.20.0"
source   = "central+https://repo.maven.apache.org/maven2/"
checksum = "sha256:2a7d36f84c48b45a12843a06394519ae2679e1857fa21b55f76697865d2cad5a"
scopes   = ["provided"]

[[artifact]]
name     = "io.smallrye.common:smallrye-common-constraint:jar:"
version  = "2.20.0"
source   = "central+https://repo.maven.apache.org/maven2/"
checksum = "sha256:4469ff38d29e5c93b0af1f0e17d794c0ea91382aabaf796fc0e251f3a0bab3a3"
scopes   = ["provided"]
deps = [
  "org.jboss.logging:jboss-logging:jar:@3.6.3.Final",
]

[[artifact]]
name     = "io.smallrye.common:smallrye-common-cpu:jar:"
version  = "2.20.0"
source   = "central+https://repo.maven.apache.org/maven2/"
checksum = "sha256:ab03b41ab8de6af3273fa3ae4e516957cdfef1a0c741c015a6e6b183cc92a619"
scopes   = ["provided"]

[[artifact]]
name     = "io.smallrye.common:smallrye-common-expression:jar:"
version  = "2.20.0"
source   = "central+https://repo.maven.apache.org/maven2/"
checksum = "sha256:04d62cdc531bdaa2d0eb2d8901e85c7dd69f2c68c5cb8e641407436334ae423a"
scopes   = ["provided"]
deps = [
  "io.smallrye.common:smallrye-common-function:jar:@2.20.0",
  "org.jboss.logging:jboss-logging:jar:@3.6.3.Final",
]

[[artifact]]
name     = "io.smallrye.common:smallrye-common-function:jar:"
version  = "2.20.0"
source   = "central+https://repo.maven.apache.org/maven2/"
checksum = "sha256:55d4eaf7d9c914787e40db5ed7d19ff34fe52fe45e217b428c32103aaa142442"
scopes   = ["provided"]
deps = [
  "io.smallrye.common:smallrye-common-constraint:jar:@2.20.0",
  "org.jboss.logging:jboss-logging:jar:@3.6.3.Final",
]

[[artifact]]
name     = "io.smallrye.common:smallrye-common-io:jar:"
version  = "2.20.0"
source   = "central+https://repo.maven.apache.org/maven2/"
checksum = "sha256:80ef94c27f089e3e018f3a62c41511e135436d751a7720db2c2493073393e5fb"
scopes   = ["provided"]
deps = [
  "io.smallrye.common:smallrye-common-annotation:jar:@2.20.0",
  "io.smallrye.common:smallrye-common-constraint:jar:@2.20.0",
  "io.smallrye.common:smallrye-common-os:jar:@2.20.0",
  "io.smallrye.common:smallrye-common-search:jar:@2.20.0",
  "org.jboss.logging:jboss-logging:jar:@3.6.3.Final",
]

[[artifact]]
name     = "io.smallrye.common:smallrye-common-net:jar:"
version  = "2.20.0"
source   = "central+https://repo.maven.apache.org/maven2/"
checksum = "sha256:2ce3596fc90f12e1903643aab66b61e024560bf395f3a9ee176512ee270b3f45"
scopes   = ["provided"]
deps = [
  "io.smallrye.common:smallrye-common-constraint:jar:@2.20.0",
  "org.jboss.logging:jboss-logging:jar:@3.6.3.Final",
]

[[artifact]]
name     = "io.smallrye.common:smallrye-common-os:jar:"
version  = "2.20.0"
source   = "central+https://repo.maven.apache.org/maven2/"
checksum = "sha256:3254c6de549c8914ce6d7003ac9b772a07f6a31e181b543ce363b1bd60dd0abe"
scopes   = ["provided"]

[[artifact]]
name     = "io.smallrye.common:smallrye-common-ref:jar:"
version  = "2.20.0"
source   = "central+https://repo.maven.apache.org/maven2/"
checksum = "sha256:d70ff0a77b2249b488e6b580d7216771a40302b367a6dd7f10cfba9d4398be32"
scopes   = ["provided"]
deps = [
  "io.smallrye.common:smallrye-common-constraint:jar:@2.20.0",
]

[[artifact]]
name     = "io.smallrye.common:smallrye-common-search:jar:"
version  = "2.20.0"
source   = "central+https://repo.maven.apache.org/maven2/"
checksum = "sha256:86911c77c3804aca5514a839a94efa086a0d53bf828f180337373e0e853c14c6"
scopes   = ["provided"]
deps = [
  "io.smallrye.common:smallrye-common-function:jar:@2.20.0",
]

[[artifact]]
name     = "jakarta.json:jakarta.json-api:jar:"
version  = "2.1.3"
source   = "central+https://repo.maven.apache.org/maven2/"
checksum = "sha256:bc934142805ea1d794f1440563965a3861a2a9fb7414ecd3fe44f26500734414"
scopes   = ["provided"]

[[artifact]]
name     = "javax.annotation:javax.annotation-api:jar:"
version  = "1.3.2"
source   = "central+https://repo.maven.apache.org/maven2/"
checksum = "sha256:e04ba5195bcd555dc95650f7cc614d151e4bcd52d29a10b8aa2197f3ab89ab9b"
scopes   = ["provided"]

[[artifact]]
name     = "javax.inject:javax.inject:jar:"
version  = "1"
source   = "central+https://repo.maven.apache.org/maven2/"
checksum = "sha256:91c77044a50c481636c32d916fd89c9118a72195390452c81065080f957de7ff"
scopes   = ["provided"]

[[artifact]]
name     = "net.bytebuddy:byte-buddy:jar:"
version  = "1.18.11-jdk5"
source   = "central+https://repo.maven.apache.org/maven2/"
checksum = "sha256:a178d5a44788a8461bc0b1cfb484aa69657077ba24d36438a1098e2e02efd2f0"
scopes   = ["test"]

[[artifact]]
name     = "org.apache.commons:commons-lang3:jar:"
version  = "3.20.0"
source   = "central+https://repo.maven.apache.org/maven2/"
checksum = "sha256:69e5c9fa35da7a51a5fd2099dfe56a2d8d32cf233e2f6d770e796146440263f4"
scopes   = ["provided"]

[[artifact]]
name     = "org.apache.httpcomponents:httpclient:jar:"
version  = "4.5.14"
source   = "central+https://repo.maven.apache.org/maven2/"
checksum = "sha256:c8bc7e1c51a6d4ce72f40d2ebbabf1c4b68bfe76e732104b04381b493478e9d6"
scopes   = ["provided"]

[[artifact]]
name     = "org.apache.httpcomponents:httpcore:jar:"
version  = "4.4.16"
source   = "central+https://repo.maven.apache.org/maven2/"
checksum = "sha256:6c9b3dd142a09dc468e23ad39aad6f75a0f2b85125104469f026e52a474e464f"
scopes   = ["provided"]

[[artifact]]
name     = "org.apache.maven.resolver:maven-resolver-api:jar:"
version  = "2.0.21"
source   = "central+https://repo.maven.apache.org/maven2/"
checksum = "sha256:9594663269f16a26d285f9fe285ca5aeb215905b9454b1d2984398828ccf1fd8"
scopes   = ["provided"]

[[artifact]]
name     = "org.apache.maven.resolver:maven-resolver-connector-basic:jar:"
version  = "2.0.21"
source   = "central+https://repo.maven.apache.org/maven2/"
checksum = "sha256:9fdc2a7d06dfdfef6e6617f3ed6284916b45dd17ea895e72a4c33fe5ffe8707f"
scopes   = ["provided"]

[[artifact]]
name     = "org.apache.maven.resolver:maven-resolver-impl:jar:"
version  = "2.0.21"
source   = "central+https://repo.maven.apache.org/maven2/"
checksum = "sha256:25113caaae30ba17c641b13ae9da6dff968b2eee6a9dfed9279ee84957b805b3"
scopes   = ["provided"]

[[artifact]]
name     = "org.apache.maven.resolver:maven-resolver-named-locks:jar:"
version  = "2.0.21"
source   = "central+https://repo.maven.apache.org/maven2/"
checksum = "sha256:3f900ec3f92a7270bba157fe679fc1fb684d98b063168039b6f9dc64c4d14470"
scopes   = ["main"]

[[artifact]]
name     = "org.apache.maven.resolver:maven-resolver-spi:jar:"
version  = "2.0.21"
source   = "central+https://repo.maven.apache.org/maven2/"
checksum = "sha256:d0dae81c5faec055fac4743c68734e4ee6282011b6dec226a3401b1e52af06c2"
scopes   = ["provided"]

[[artifact]]
name     = "org.apache.maven.resolver:maven-resolver-transport-http:jar:"
version  = "1.9.27"
source   = "central+https://repo.maven.apache.org/maven2/"
checksum = "sha256:723f3d9d717a693d0aac589e266b995f76e9c63edd48ecc8a0cf9e86a77e459c"
scopes   = ["provided"]

[[artifact]]
name     = "org.apache.maven.resolver:maven-resolver-transport-wagon:jar:"
version  = "2.0.21"
source   = "central+https://repo.maven.apache.org/maven2/"
checksum = "sha256:d10ff80a0c5475d433e4a41cb817d920482ac53721ef39c67574879e720c49f9"
scopes   = ["provided"]
deps = [
  "org.apache.maven.resolver:maven-resolver-api:jar:@2.0.21",
  "org.apache.maven.resolver:maven-resolver-spi:jar:@2.0.21",
  "org.apache.maven.resolver:maven-resolver-util:jar:@2.0.21",
  "org.slf4j:slf4j-api:jar:@2.0.18",
]

[[artifact]]
name     = "org.apache.maven.resolver:maven-resolver-util:jar:"
version  = "2.0.21"
source   = "central+https://repo.maven.apache.org/maven2/"
checksum = "sha256:ce707615455f3ceabb397a5790c023e54186ed6ec283b437711e7cd451fdd1bd"
scopes   = ["provided"]

[[artifact]]
name     = "org.apache.maven.shared:maven-shared-utils:jar:"
version  = "3.4.2"
source   = "central+https://repo.maven.apache.org/maven2/"
checksum = "sha256:b613357e1bad4dfc1dead801691c9460f9585fe7c6b466bc25186212d7d18487"
scopes   = ["provided"]

[[artifact]]
name     = "org.apache.maven.wagon:wagon-file:jar:"
version  = "3.5.3"
source   = "central+https://repo.maven.apache.org/maven2/"
checksum = "sha256:afc9216fa97b78dad227b4a8d4d67b9897bf113a57f80598d62993841113e103"
scopes   = ["provided"]
deps = [
  "org.apache.maven.wagon:wagon-provider-api:jar:@3.5.3",
  "org.codehaus.plexus:plexus-utils:jar:@4.0.3",
]

[[artifact]]
name     = "org.apache.maven.wagon:wagon-http-shared:jar:"
version  = "3.5.3"
source   = "central+https://repo.maven.apache.org/maven2/"
checksum = "sha256:8e7da766f55164fde8779aaaa125832506c2848cab4876b5305138873e28037f"
scopes   = ["provided"]
deps = [
  "org.apache.httpcomponents:httpclient:jar:@4.5.14",
  "org.apache.httpcomponents:httpcore:jar:@4.4.16",
  "org.apache.maven.wagon:wagon-provider-api:jar:@3.5.3",
  "org.codehaus.plexus:plexus-utils:jar:@4.0.3",
  "org.slf4j:slf4j-api:jar:@2.0.18",
]

[[artifact]]
name     = "org.apache.maven.wagon:wagon-http:jar:"
version  = "3.5.3"
source   = "central+https://repo.maven.apache.org/maven2/"
checksum = "sha256:d2b6e48c9fcbe579e1858c622d14464011ff265fa6e28e794004a6882154a509"
scopes   = ["provided"]
deps = [
  "org.apache.httpcomponents:httpclient:jar:@4.5.14",
  "org.apache.maven.wagon:wagon-http-shared:jar:@3.5.3",
  "org.apache.maven.wagon:wagon-provider-api:jar:@3.5.3",
]

[[artifact]]
name     = "org.apache.maven.wagon:wagon-provider-api:jar:"
version  = "3.5.3"
source   = "central+https://repo.maven.apache.org/maven2/"
checksum = "sha256:5e72000338945ed3e96f8e4f578d1d0672e1af7e19c0e9014197ae5b31af3ef4"
scopes   = ["provided"]
deps = [
  "org.codehaus.plexus:plexus-utils:jar:@4.0.3",
]

[[artifact]]
name     = "org.apache.maven:maven-api-annotations:jar:"
version  = "4.0.0-rc-5"
source   = "central+https://repo.maven.apache.org/maven2/"
checksum = "sha256:1f7325c01a0ac5a5206caff09fa388520c6505dab850178f452d2c6aad3d3c83"
scopes   = ["main"]

[[artifact]]
name     = "org.apache.maven:maven-api-xml:jar:"
version  = "4.0.0-rc-5"
source   = "central+https://repo.maven.apache.org/maven2/"
checksum = "sha256:358851a87edd0ddd566a437470ea021ba851a0487ec4d14825ff04db03ff5877"
scopes   = ["main"]

[[artifact]]
name     = "org.apache.maven:maven-artifact:jar:"
version  = "3.9.16"
source   = "central+https://repo.maven.apache.org/maven2/"
checksum = "sha256:54cc1c1ef932e3d4a903352111b42b4d3c3ed8e7a1d0de73b625309d9c3ad3e8"
scopes   = ["provided"]

[[artifact]]
name     = "org.apache.maven:maven-builder-support:jar:"
version  = "3.9.16"
source   = "central+https://repo.maven.apache.org/maven2/"
checksum = "sha256:02972384eae3495801565fd27abb84cfd75a8e6d2cbb1ae0c556752ebc2b1cde"
scopes   = ["provided"]

[[artifact]]
name     = "org.apache.maven:maven-core:jar:"
version  = "3.9.16"
source   = "central+https://repo.maven.apache.org/maven2/"
checksum = "sha256:5d45c72e3dbfab8b68d15ad4f12777b7d9b5fe4d4adc99c3bd51fb9641fab009"
scopes   = ["provided"]
deps = [
  "com.google.guava:failureaccess:jar:@1.0.3",
  "com.google.guava:guava:jar:@33.6.0-jre",
  "com.google.inject:guice:jar:classes@5.1.0",
  "javax.inject:javax.inject:jar:@1",
  "org.apache.maven.resolver:maven-resolver-api:jar:@2.0.21",
  "org.apache.maven.resolver:maven-resolver-impl:jar:@2.0.21",
  "org.apache.maven.resolver:maven-resolver-spi:jar:@2.0.21",
  "org.apache.maven.resolver:maven-resolver-util:jar:@2.0.21",
  "org.apache.maven.shared:maven-shared-utils:jar:@3.4.2",
  "org.apache.maven:maven-artifact:jar:@3.9.16",
  "org.apache.maven:maven-builder-support:jar:@3.9.16",
  "org.apache.maven:maven-model-builder:jar:@3.9.16",
  "org.apache.maven:maven-model:jar:@3.9.16",
  "org.apache.maven:maven-plugin-api:jar:@3.9.16",
  "org.apache.maven:maven-repository-metadata:jar:@3.9.16",
  "org.apache.maven:maven-resolver-provider:jar:@3.9.16",
  "org.apache.maven:maven-settings-builder:jar:@3.9.16",
  "org.apache.maven:maven-settings:jar:@3.9.16",
  "org.codehaus.plexus:plexus-classworlds:jar:@2.12.0",
  "org.codehaus.plexus:plexus-component-annotations:jar:@2.2.0",
  "org.codehaus.plexus:plexus-interpolation:jar:@1.29",
  "org.eclipse.sisu:org.eclipse.sisu.inject:jar:@1.1.0",
  "org.eclipse.sisu:org.eclipse.sisu.plexus:jar:@1.1.0",
  "org.ow2.asm:asm:jar:@9.10.1",
]

[[artifact]]
name     = "org.apache.maven:maven-embedder:jar:"
version  = "3.9.16"
source   = "central+https://repo.maven.apache.org/maven2/"
checksum = "sha256:a99aaac6ecb1b98d0f3b3ba18c16a122fc503412222055639a3eb4cbe458313b"
scopes   = ["provided"]
deps = [
  "com.google.guava:failureaccess:jar:@1.0.3",
  "com.google.guava:guava:jar:@33.6.0-jre",
  "com.google.inject:guice:jar:classes@5.1.0",
  "commons-cli:commons-cli:jar:@1.11.0",
  "javax.annotation:javax.annotation-api:jar:@1.3.2",
  "javax.inject:javax.inject:jar:@1",
  "org.apache.maven.resolver:maven-resolver-api:jar:@2.0.21",
  "org.apache.maven.resolver:maven-resolver-util:jar:@2.0.21",
  "org.apache.maven.shared:maven-shared-utils:jar:@3.4.2",
  "org.apache.maven:maven-builder-support:jar:@3.9.16",
  "org.apache.maven:maven-core:jar:@3.9.16",
  "org.apache.maven:maven-model-builder:jar:@3.9.16",
  "org.apache.maven:maven-model:jar:@3.9.16",
  "org.apache.maven:maven-plugin-api:jar:@3.9.16",
  "org.apache.maven:maven-settings-builder:jar:@3.9.16",
  "org.apache.maven:maven-settings:jar:@3.9.16",
  "org.codehaus.plexus:plexus-cipher:jar:@3.0.0",
  "org.codehaus.plexus:plexus-classworlds:jar:@2.12.0",
  "org.codehaus.plexus:plexus-interpolation:jar:@1.29",
  "org.codehaus.plexus:plexus-sec-dispatcher:jar:@4.1.0",
  "org.eclipse.sisu:org.eclipse.sisu.plexus:jar:@1.1.0",
]

[[artifact]]
name     = "org.apache.maven:maven-model-builder:jar:"
version  = "3.9.16"
source   = "central+https://repo.maven.apache.org/maven2/"
checksum = "sha256:002be86d1f53b36f559a0786034a17598d71087f1935f205a1f9e51d4dd124b3"
scopes   = ["provided"]

[[artifact]]
name     = "org.apache.maven:maven-model:jar:"
version  = "3.9.16"
source   = "central+https://repo.maven.apache.org/maven2/"
checksum = "sha256:f59d86a507c241bf17bbf050050d1b8b9c0d34d5010a7e2386c3cab7c83b93de"
scopes   = ["provided"]

[[artifact]]
name     = "org.apache.maven:maven-plugin-api:jar:"
version  = "3.9.16"
source   = "central+https://repo.maven.apache.org/maven2/"
checksum = "sha256:37cb5e483e23327cf4ba18f920b45e000d20eec0428a086a5c1bd6bbdecf088c"
scopes   = ["provided"]
deps = [
  "org.apache.maven:maven-artifact:jar:@3.9.16",
  "org.apache.maven:maven-model:jar:@3.9.16",
  "org.codehaus.plexus:plexus-classworlds:jar:@2.12.0",
  "org.eclipse.sisu:org.eclipse.sisu.plexus:jar:@1.1.0",
]

[[artifact]]
name     = "org.apache.maven:maven-repository-metadata:jar:"
version  = "3.9.16"
source   = "central+https://repo.maven.apache.org/maven2/"
checksum = "sha256:bc3dd413b89a16b695f35a5d0496b58ea2787c30b7b6062c130d24d6d764720f"
scopes   = ["provided"]

[[artifact]]
name     = "org.apache.maven:maven-resolver-provider:jar:"
version  = "3.9.16"
source   = "central+https://repo.maven.apache.org/maven2/"
checksum = "sha256:72a2d6aad3708e2c708b659b292ae9587a4d170ec88f48466290318730221118"
scopes   = ["provided"]

[[artifact]]
name     = "org.apache.maven:maven-settings-builder:jar:"
version  = "3.9.16"
source   = "central+https://repo.maven.apache.org/maven2/"
checksum = "sha256:226f1cbb0b4d414eff773fb151a8977837c98073e14d5963794e6cf464e6adbb"
scopes   = ["provided"]
deps = [
  "javax.inject:javax.inject:jar:@1",
  "org.apache.maven:maven-builder-support:jar:@3.9.16",
  "org.apache.maven:maven-settings:jar:@3.9.16",
  "org.codehaus.plexus:plexus-interpolation:jar:@1.29",
  "org.codehaus.plexus:plexus-sec-dispatcher:jar:@4.1.0",
]

[[artifact]]
name     = "org.apache.maven:maven-settings:jar:"
version  = "3.9.16"
source   = "central+https://repo.maven.apache.org/maven2/"
checksum = "sha256:322ae5b23f4b7b6ce7896bd33a793143dbbbbcc16c4475e2d7eebbd8f755da92"
scopes   = ["provided"]

[[artifact]]
name     = "org.apache.maven:maven-xml:jar:"
version  = "4.0.0-rc-5"
source   = "central+https://repo.maven.apache.org/maven2/"
checksum = "sha256:a4b7ad3e3410e0feb6438ebb6231c8e02449cd02fcf6451baed820008a103564"
scopes   = ["main"]

[[artifact]]
name     = "org.apiguardian:apiguardian-api:jar:"
version  = "1.1.2"
source   = "central+https://repo.maven.apache.org/maven2/"
checksum = "sha256:b509448ac506d607319f182537f0b35d71007582ec741832a1f111e5b5b70b38"
scopes   = ["test"]

[[artifact]]
name     = "org.assertj:assertj-core:jar:"
version  = "3.27.7"
source   = "central+https://repo.maven.apache.org/maven2/"
checksum = "sha256:c4a445426c3c2861666863b842cc4ec7bbb1c4226fefd370b6d2fe83d6c4ff0f"
scopes   = ["test"]
deps = [
  "net.bytebuddy:byte-buddy:jar:@1.18.11-jdk5",
]

[[artifact]]
name     = "org.codehaus.plexus:plexus-cipher:jar:"
version  = "3.0.0"
source   = "central+https://repo.maven.apache.org/maven2/"
checksum = "sha256:42177afd1c48382ea31f33c5dfba32a077e9be41a79265a6dbbb3753e4119d1d"
scopes   = ["provided"]

[[artifact]]
name     = "org.codehaus.plexus:plexus-classworlds:jar:"
version  = "2.12.0"
source   = "central+https://repo.maven.apache.org/maven2/"
checksum = "sha256:d3f81c616c288e7df055dcc1f40a8b0f210a070e9400619de0ae3a15c62d94eb"
scopes   = ["provided"]

[[artifact]]
name     = "org.codehaus.plexus:plexus-component-annotations:jar:"
version  = "2.2.0"
source   = "central+https://repo.maven.apache.org/maven2/"
checksum = "sha256:50edb93c73786e62822b4fe1336e22880fdf147191373cf5c911370e16748fcf"
scopes   = ["provided"]

[[artifact]]
name     = "org.codehaus.plexus:plexus-interpolation:jar:"
version  = "1.29"
source   = "central+https://repo.maven.apache.org/maven2/"
checksum = "sha256:088d444dbcedfb384630d8686697ece3c401d6f33c8f8b3aa7259ea1c6996878"
scopes   = ["provided"]

[[artifact]]
name     = "org.codehaus.plexus:plexus-sec-dispatcher:jar:"
version  = "4.1.0"
source   = "central+https://repo.maven.apache.org/maven2/"
checksum = "sha256:efc10a957d070940701a591685dab92c33f0ba3ffea9518b8d691b23897734fe"
scopes   = ["provided"]

[[artifact]]
name     = "org.codehaus.plexus:plexus-utils:jar:"
version  = "4.0.3"
source   = "central+https://repo.maven.apache.org/maven2/"
checksum = "sha256:421ff6ed146c53a9d4eaade8f629b52b12af7187101f1bd06c2c64e904019f3c"
scopes   = ["provided"]

[[artifact]]
name     = "org.codehaus.plexus:plexus-xml:jar:"
version  = "4.1.1"
source   = "central+https://repo.maven.apache.org/maven2/"
checksum = "sha256:e09b1fcc46da744a0e4dabe703f287ce133b631ea95c6e1a8a82ebad2b1a2815"
scopes   = ["provided"]

[[artifact]]
name     = "org.codehaus.woodstox:stax2-api:jar:"
version  = "4.3.0"
source   = "central+https://repo.maven.apache.org/maven2/"
checksum = "sha256:7c805f36129ea9fa42b696093b7ae1eb20bb6ccec65c8280d6f33db5609ca5e1"
scopes   = ["main"]

[[artifact]]
name     = "org.eclipse.parsson:parsson:jar:"
version  = "1.1.9"
source   = "central+https://repo.maven.apache.org/maven2/"
checksum = "sha256:03dc4dc834a928730d52a50952de0f30c35e0daf048889132be19ee1e5053a6c"
scopes   = ["provided"]
deps = [
  "jakarta.json:jakarta.json-api:jar:@2.1.3",
]

[[artifact]]
name     = "org.eclipse.sisu:org.eclipse.sisu.inject:jar:"
version  = "1.1.0"
source   = "central+https://repo.maven.apache.org/maven2/"
checksum = "sha256:f3edea5119c91be496e3ff55948fa16c89cdbacf9c2e74bdc9fafda1a3faba20"
scopes   = ["provided"]

[[artifact]]
name     = "org.eclipse.sisu:org.eclipse.sisu.plexus:jar:"
version  = "1.1.0"
source   = "central+https://repo.maven.apache.org/maven2/"
checksum = "sha256:7ebc52738567e0450b6857a404a147639533d35c38a5ba42e4c5ab2910c6df94"
scopes   = ["provided"]

[[artifact]]
name     = "org.jboss.logging:commons-logging-jboss-logging:jar:"
version  = "2.0.0.Final"
source   = "central+https://repo.maven.apache.org/maven2/"
checksum = "sha256:ce4088809c7512228cb34b54686223dec45532b97366a36830f82926b58a4c6c"
scopes   = ["provided"]
deps = [
  "org.jboss.logging:jboss-logging:jar:@3.6.3.Final",
]

[[artifact]]
name     = "org.jboss.logging:jboss-logging:jar:"
version  = "3.6.3.Final"
source   = "central+https://repo.maven.apache.org/maven2/"
checksum = "sha256:7c12ee575508f81e22b1db9334b969d0ec54ef0fd1dcba24eeab1a44235fc366"
scopes   = ["provided"]

[[artifact]]
name     = "org.jboss.logmanager:jboss-logmanager:jar:"
version  = "3.2.2.Final"
source   = "central+https://repo.maven.apache.org/maven2/"
checksum = "sha256:91d3d76c1e41d403cd717026cd6e8c4495068cb3a4a06461d9d984920fbb856c"
scopes   = ["provided"]
deps = [
  "io.smallrye.common:smallrye-common-constraint:jar:@2.20.0",
  "io.smallrye.common:smallrye-common-cpu:jar:@2.20.0",
  "io.smallrye.common:smallrye-common-expression:jar:@2.20.0",
  "io.smallrye.common:smallrye-common-net:jar:@2.20.0",
  "io.smallrye.common:smallrye-common-os:jar:@2.20.0",
  "io.smallrye.common:smallrye-common-ref:jar:@2.20.0",
  "jakarta.json:jakarta.json-api:jar:@2.1.3",
  "org.eclipse.parsson:parsson:jar:@1.1.9",
  "org.jboss.logging:jboss-logging:jar:@3.6.3.Final",
]

[[artifact]]
name     = "org.jboss.slf4j:slf4j-jboss-logmanager:jar:"
version  = "2.1.0.Final"
source   = "central+https://repo.maven.apache.org/maven2/"
checksum = "sha256:5eaf95d93f2e203d3d45795817ba2e70ae4b6176849b8e8930463bf9f9d930ee"
scopes   = ["provided"]

[[artifact]]
name     = "org.jspecify:jspecify:jar:"
version  = "1.0.1"
source   = "central+https://repo.maven.apache.org/maven2/"
checksum = "sha256:070d75f261fe4c5b8202508366715f7f2d4660f88c8ef7e6d3575e48c9683b66"
scopes   = ["main", "test"]

[[artifact]]
name     = "org.junit.jupiter:junit-jupiter-api:jar:"
version  = "6.1.2"
source   = "central+https://repo.maven.apache.org/maven2/"
checksum = "sha256:e60794b7d94e03c4bca1c0833cfca18762da5eaac0a61b16281cbbb708103e4c"
scopes   = ["test"]
deps = [
  "org.apiguardian:apiguardian-api:jar:@1.1.2",
  "org.jspecify:jspecify:jar:@1.0.1",
  "org.junit.platform:junit-platform-commons:jar:@6.1.2",
  "org.opentest4j:opentest4j:jar:@1.3.0",
]

[[artifact]]
name     = "org.junit.jupiter:junit-jupiter-engine:jar:"
version  = "6.1.2"
source   = "central+https://repo.maven.apache.org/maven2/"
checksum = "sha256:57227ce289ed84ab205136997d2e5117f6cc695a16b7e235d59f70cdf33c3d7a"
scopes   = ["test"]
deps = [
  "org.apiguardian:apiguardian-api:jar:@1.1.2",
  "org.jspecify:jspecify:jar:@1.0.1",
  "org.junit.jupiter:junit-jupiter-api:jar:@6.1.2",
  "org.junit.platform:junit-platform-engine:jar:@6.1.2",
]

[[artifact]]
name     = "org.junit.jupiter:junit-jupiter-params:jar:"
version  = "6.1.2"
source   = "central+https://repo.maven.apache.org/maven2/"
checksum = "sha256:c1ed2164f6ba388518757b38f219dbe350ac098afcd126cbcbd6256fb99666ae"
scopes   = ["test"]
deps = [
  "org.apiguardian:apiguardian-api:jar:@1.1.2",
  "org.jspecify:jspecify:jar:@1.0.1",
  "org.junit.jupiter:junit-jupiter-api:jar:@6.1.2",
]

[[artifact]]
name     = "org.junit.jupiter:junit-jupiter:jar:"
version  = "6.1.2"
source   = "central+https://repo.maven.apache.org/maven2/"
checksum = "sha256:2a7877196573a1d32fa726313deffdde2e90cca764647e605093020b08973616"
scopes   = ["test"]
deps = [
  "org.junit.jupiter:junit-jupiter-api:jar:@6.1.2",
  "org.junit.jupiter:junit-jupiter-engine:jar:@6.1.2",
  "org.junit.jupiter:junit-jupiter-params:jar:@6.1.2",
]

[[artifact]]
name     = "org.junit.platform:junit-platform-commons:jar:"
version  = "6.1.2"
source   = "central+https://repo.maven.apache.org/maven2/"
checksum = "sha256:204894c039d321743ee11e7d1dc8360170d7c64391fbea1211178a645c33a92a"
scopes   = ["test"]
deps = [
  "org.apiguardian:apiguardian-api:jar:@1.1.2",
  "org.jspecify:jspecify:jar:@1.0.1",
]

[[artifact]]
name     = "org.junit.platform:junit-platform-engine:jar:"
version  = "6.1.2"
source   = "central+https://repo.maven.apache.org/maven2/"
checksum = "sha256:484e90828846ad6b88efe226b6fe014a75941b32b226e914d9a7758802f46f91"
scopes   = ["test"]
deps = [
  "org.apiguardian:apiguardian-api:jar:@1.1.2",
  "org.jspecify:jspecify:jar:@1.0.1",
  "org.junit.platform:junit-platform-commons:jar:@6.1.2",
  "org.opentest4j:opentest4j:jar:@1.3.0",
]

[[artifact]]
name     = "org.junit.platform:junit-platform-launcher:jar:"
version  = "6.1.2"
source   = "central+https://repo.maven.apache.org/maven2/"
checksum = "sha256:858197212c1b2acc257c9eec9b450a31923c61c1bc61e66acf0057d57bbe577a"
scopes   = ["test"]
deps = [
  "org.apiguardian:apiguardian-api:jar:@1.1.2",
  "org.jspecify:jspecify:jar:@1.0.1",
  "org.junit.platform:junit-platform-engine:jar:@6.1.2",
]

[[artifact]]
name     = "org.opentest4j:opentest4j:jar:"
version  = "1.3.0"
source   = "central+https://repo.maven.apache.org/maven2/"
checksum = "sha256:48e2df636cab6563ced64dcdff8abb2355627cb236ef0bf37598682ddf742f1b"
scopes   = ["test"]

[[artifact]]
name     = "org.ow2.asm:asm:jar:"
version  = "9.10.1"
source   = "central+https://repo.maven.apache.org/maven2/"
checksum = "sha256:ed825d10ab1399c8c0cb669e688cf0c8c82629b4c8399b58352b68e92ca10fcb"
scopes   = ["provided"]

[[artifact]]
name     = "org.slf4j:jcl-over-slf4j:jar:"
version  = "2.0.18"
source   = "central+https://repo.maven.apache.org/maven2/"
checksum = "sha256:ec5c36d57d2dbe100f84878f944575cb7871da32c7a115b8d7e0721277045d67"
scopes   = ["main"]

[[artifact]]
name     = "org.slf4j:slf4j-api:jar:"
version  = "2.0.18"
source   = "central+https://repo.maven.apache.org/maven2/"
checksum = "sha256:44508fd1576500688c790b190acdd16fec4f8c79a3e0b900afd70503cf055f55"
scopes   = ["provided"]
